// !$*UTF8*$!
{
	archiveVersion = 1;
	classes = {
	};
	objectVersion = 55;
	objects = {

/* Begin PBXBuildFile section */
		2661463B289FBE370045C9DB /* ObjectRecognition_SwiftUIApp.swift in Sources */ = {isa = PBXBuildFile; fileRef = 2661463A289FBE370045C9DB /* ObjectRecognition_SwiftUIApp.swift */; };
		2661463D289FBE370045C9DB /* ContentView.swift in Sources */ = {isa = PBXBuildFile; fileRef = 2661463C289FBE370045C9DB /* ContentView.swift */; };
		2661463F289FBE3A0045C9DB /* Assets.xcassets in Resources */ = {isa = PBXBuildFile; fileRef = 2661463E289FBE3A0045C9DB /* Assets.xcassets */; };
		26614642289FBE3A0045C9DB /* Preview Assets.xcassets in Resources */ = {isa = PBXBuildFile; fileRef = 26614641289FBE3A0045C9DB /* Preview Assets.xcassets */; };
		2661464C289FBE690045C9DB /* Camera.swift in Sources */ = {isa = PBXBuildFile; fileRef = 2661464B289FBE690045C9DB /* Camera.swift */; };
		26614650289FBFB20045C9DB /* CameraView.swift in Sources */ = {isa = PBXBuildFile; fileRef = 2661464F289FBFB20045C9DB /* CameraView.swift */; };
		26614653289FBFD90045C9DB /* CameraInterface.swift in Sources */ = {isa = PBXBuildFile; fileRef = 26614652289FBFD90045C9DB /* CameraInterface.swift */; };
		26614655289FC0E70045C9DB /* FrameHelper.swift in Sources */ = {isa = PBXBuildFile; fileRef = 26614654289FC0E70045C9DB /* FrameHelper.swift */; };
/* End PBXBuildFile section */

/* Begin PBXFileReference section */
		26614637289FBE370045C9DB /* ObjectRecognition-SwiftUI.app */ = {isa = PBXFileReference; explicitFileType = wrapper.application; includeInIndex = 0; path = "ObjectRecognition-SwiftUI.app"; sourceTree = BUILT_PRODUCTS_DIR; };
		2661463A289FBE370045C9DB /* ObjectRecognition_SwiftUIApp.swift */ = {isa = PBXFileReference; lastKnownFileType = sourcecode.swift; path = ObjectRecognition_SwiftUIApp.swift; sourceTree = "<group>"; };
		2661463C289FBE370045C9DB /* ContentView.swift */ = {isa = PBXFileReference; lastKnownFileType = sourcecode.swift; path = ContentView.swift; sourceTree = "<group>"; };
		2661463E289FBE3A0045C9DB /* Assets.xcassets */ = {isa = PBXFileReference; lastKnownFileType = folder.assetcatalog; path = Assets.xcassets; sourceTree = "<group>"; };
		26614641289FBE3A0045C9DB /* Preview Assets.xcassets */ = {isa = PBXFileReference; lastKnownFileType = folder.assetcatalog; path = "Preview Assets.xcassets"; sourceTree = "<group>"; };
		2661464B289FBE690045C9DB /* Camera.swift */ = {isa = PBXFileReference; lastKnownFileType = sourcecode.swift; path = Camera.swift; sourceTree = "<group>"; };
		2661464F289FBFB20045C9DB /* CameraView.swift */ = {isa = PBXFileReference; lastKnownFileType = sourcecode.swift; path = CameraView.swift; sourceTree = "<group>"; };
		26614652289FBFD90045C9DB /* CameraInterface.swift */ = {isa = PBXFileReference; lastKnownFileType = sourcecode.swift; path = CameraInterface.swift; sourceTree = "<group>"; };
		26614654289FC0E70045C9DB /* FrameHelper.swift */ = {isa = PBXFileReference; lastKnownFileType = sourcecode.swift; path = FrameHelper.swift; sourceTree = "<group>"; };
/* End PBXFileReference section */

/* Begin PBXFrameworksBuildPhase section */
		26614634289FBE370045C9DB /* Frameworks */ = {
			isa = PBXFrameworksBuildPhase;
			buildActionMask = 2147483647;
			files = (
			);
			runOnlyForDeploymentPostprocessing = 0;
		};
/* End PBXFrameworksBuildPhase section */

/* Begin PBXGroup section */
		2661462E289FBE370045C9DB = {
			isa = PBXGroup;
			children = (
				26614639289FBE370045C9DB /* ObjectRecognition-SwiftUI */,
				26614638289FBE370045C9DB /* Products */,
			);
			sourceTree = "<group>";
		};
		26614638289FBE370045C9DB /* Products */ = {
			isa = PBXGroup;
			children = (
				26614637289FBE370045C9DB /* ObjectRecognition-SwiftUI.app */,
			);
			name = Products;
			sourceTree = "<group>";
		};
		26614639289FBE370045C9DB /* ObjectRecognition-SwiftUI */ = {
			isa = PBXGroup;
			children = (
				26614651289FBFC40045C9DB /* ViewComponent */,
				2661464A289FBE590045C9DB /* Helper */,
				26614649289FBE4D0045C9DB /* View */,
				26614648289FBE480045C9DB /* Model */,
				2661463A289FBE370045C9DB /* ObjectRecognition_SwiftUIApp.swift */,
				2661463C289FBE370045C9DB /* ContentView.swift */,
				2661463E289FBE3A0045C9DB /* Assets.xcassets */,
				26614640289FBE3A0045C9DB /* Preview Content */,
			);
			path = "ObjectRecognition-SwiftUI";
			sourceTree = "<group>";
		};
		26614640289FBE3A0045C9DB /* Preview Content */ = {
			isa = PBXGroup;
			children = (
				26614641289FBE3A0045C9DB /* Preview Assets.xcassets */,
			);
			path = "Preview Content";
			sourceTree = "<group>";
		};
		26614648289FBE480045C9DB /* Model */ = {
			isa = PBXGroup;
			children = (
				2661464B289FBE690045C9DB /* Camera.swift */,
			);
			path = Model;
			sourceTree = "<group>";
		};
		26614649289FBE4D0045C9DB /* View */ = {
			isa = PBXGroup;
			children = (
				2661464F289FBFB20045C9DB /* CameraView.swift */,
			);
			path = View;
			sourceTree = "<group>";
		};
		2661464A289FBE590045C9DB /* Helper */ = {
			isa = PBXGroup;
			children = (
				26614654289FC0E70045C9DB /* FrameHelper.swift */,
			);
			path = Helper;
			sourceTree = "<group>";
		};
		26614651289FBFC40045C9DB /* ViewComponent */ = {
			isa = PBXGroup;
			children = (
				26614652289FBFD90045C9DB /* CameraInterface.swift */,
			);
			path = ViewComponent;
			sourceTree = "<group>";
		};
/* End PBXGroup section */

/* Begin PBXNativeTarget section */
		26614636289FBE370045C9DB /* ObjectRecognition-SwiftUI */ = {
			isa = PBXNativeTarget;
			buildConfigurationList = 26614645289FBE3A0045C9DB /* Build configuration list for PBXNativeTarget "ObjectRecognition-SwiftUI" */;
			buildPhases = (
				26614633289FBE370045C9DB /* Sources */,
				26614634289FBE370045C9DB /* Frameworks */,
				26614635289FBE370045C9DB /* Resources */,
			);
			buildRules = (
			);
			dependencies = (
			);
			name = "ObjectRecognition-SwiftUI";
			productName = "ObjectRecognition-SwiftUI";
			productReference = 26614637289FBE370045C9DB /* ObjectRecognition-SwiftUI.app */;
			productType = "com.apple.product-type.application";
		};
/* End PBXNativeTarget section */

/* Begin PBXProject section */
		2661462F289FBE370045C9DB /* Project object */ = {
			isa = PBXProject;
			attributes = {
				BuildIndependentTargetsInParallel = 1;
				LastSwiftUpdateCheck = 1340;
				LastUpgradeCheck = 1340;
				TargetAttributes = {
					26614636289FBE370045C9DB = {
						CreatedOnToolsVersion = 13.4.1;
					};
				};
			};
			buildConfigurationList = 26614632289FBE370045C9DB /* Build configuration list for PBXProject "ObjectRecognition-SwiftUI" */;
			compatibilityVersion = "Xcode 13.0";
			developmentRegion = en;
			hasScannedForEncodings = 0;
			knownRegions = (
				en,
				Base,
			);
			mainGroup = 2661462E289FBE370045C9DB;
			productRefGroup = 26614638289FBE370045C9DB /* Products */;
			projectDirPath = "";
			projectRoot = "";
			targets = (
				26614636289FBE370045C9DB /* ObjectRecognition-SwiftUI */,
			);
		};
/* End PBXProject section */

/* Begin PBXResourcesBuildPhase section */
		26614635289FBE370045C9DB /* Resources */ = {
			isa = PBXResourcesBuildPhase;
			buildActionMask = 2147483647;
			files = (
				26614642289FBE3A0045C9DB /* Preview Assets.xcassets in Resources */,
				2661463F289FBE3A0045C9DB /* Assets.xcassets in Resources */,
			);
			runOnlyForDeploymentPostprocessing = 0;
		};
/* End PBXResourcesBuildPhase section */

/* Begin PBXSourcesBuildPhase section */
		26614633289FBE370045C9DB /* Sources */ = {
			isa = PBXSourcesBuildPhase;
			buildActionMask = 2147483647;
			files = (
				2661463D289FBE370045C9DB /* ContentView.swift in Sources */,
				26614653289FBFD90045C9DB /* CameraInterface.swift in Sources */,
				2661464C289FBE690045C9DB /* Camera.swift in Sources */,
				2661463B289FBE370045C9DB /* ObjectRecognition_SwiftUIApp.swift in Sources */,
				26614650289FBFB20045C9DB /* CameraView.swift in Sources */,
				26614655289FC0E70045C9DB /* FrameHelper.swift in Sources */,
			);
			runOnlyForDeploymentPostprocessing = 0;
		};
/* End PBXSourcesBuildPhase section */

/* Begin XCBuildConfiguration section */
		26614643289FBE3A0045C9DB /* Debug */ = {
			isa = XCBuildConfiguration;
			buildSettings = {
				ALWAYS_SEARCH_USER_PATHS = NO;
				CLANG_ANALYZER_NONNULL = YES;
				CLANG_ANALYZER_NUMBER_OBJECT_CONVERSION = YES_AGGRESSIVE;
				CLANG_CXX_LANGUAGE_STANDARD = "gnu++17";
				CLANG_ENABLE_MODULES = YES;
				CLANG_ENABLE_OBJC_ARC = YES;
				CLANG_ENABLE_OBJC_WEAK = YES;
				CLANG_WARN_BLOCK_CAPTURE_AUTORELEASING = YES;
				CLANG_WARN_BOOL_CONVERSION = YES;
				CLANG_WARN_COMMA = YES;
				CLANG_WARN_CONSTANT_CONVERSION = YES;
				CLANG_WARN_DEPRECATED_OBJC_IMPLEMENTATIONS = YES;
				CLANG_WARN_DIRECT_OBJC_ISA_USAGE = YES_ERROR;
				CLANG_WARN_DOCUMENTATION_COMMENTS = YES;
				CLANG_WARN_EMPTY_BODY = YES;
				CLANG_WARN_ENUM_CONVERSION = YES;
				CLANG_WARN_INFINITE_RECURSION = YES;
				CLANG_WARN_INT_CONVERSION = YES;
				CLANG_WARN_NON_LITERAL_NULL_CONVERSION = YES;
				CLANG_WARN_OBJC_IMPLICIT_RETAIN_SELF = YES;
				CLANG_WARN_OBJC_LITERAL_CONVERSION = YES;
				CLANG_WARN_OBJC_ROOT_CLASS = YES_ERROR;
				CLANG_WARN_QUOTED_INCLUDE_IN_FRAMEWORK_HEADER = YES;
				CLANG_WARN_RANGE_LOOP_ANALYSIS = YES;
				CLANG_WARN_STRICT_PROTOTYPES = YES;
				CLANG_WARN_SUSPICIOUS_MOVE = YES;
				CLANG_WARN_UNGUARDED_AVAILABILITY = YES_AGGRESSIVE;
				CLANG_WARN_UNREACHABLE_CODE = YES;
				CLANG_WARN__DUPLICATE_METHOD_MATCH = YES;
				COPY_PHASE_STRIP = NO;
				DEBUG_INFORMATION_FORMAT = dwarf;
				ENABLE_STRICT_OBJC_MSGSEND = YES;
				ENABLE_TESTABILITY = YES;
				GCC_C_LANGUAGE_STANDARD = gnu11;
				GCC_DYNAMIC_NO_PIC = NO;
				GCC_NO_COMMON_BLOCKS = YES;
				GCC_OPTIMIZATION_LEVEL = 0;
				GCC_PREPROCESSOR_DEFINITIONS = (
					"DEBUG=1",
					"$(inherited)",
				);
				GCC_WARN_64_TO_32_BIT_CONVERSION = YES;
				GCC_WARN_ABOUT_RETURN_TYPE = YES_ERROR;
				GCC_WARN_UNDECLARED_SELECTOR = YES;
				GCC_WARN_UNINITIALIZED_AUTOS = YES_AGGRESSIVE;
				GCC_WARN_UNUSED_FUNCTION = YES;
				GCC_WARN_UNUSED_VARIABLE = YES;
				IPHONEOS_DEPLOYMENT_TARGET = 15.5;
				MTL_ENABLE_DEBUG_INFO = INCLUDE_SOURCE;
				MTL_FAST_MATH = YES;
				ONLY_ACTIVE_ARCH = YES;
				SDKROOT = iphoneos;
				SWIFT_ACTIVE_COMPILATION_CONDITIONS = DEBUG;
				SWIFT_OPTIMIZATION_LEVEL = "-Onone";
			};
			name = Debug;
		};
		26614644289FBE3A0045C9DB /* Release */ = {
			isa = XCBuildConfiguration;
			buildSettings = {
				ALWAYS_SEARCH_USER_PATHS = NO;
				CLANG_ANALYZER_NONNULL = YES;
				CLANG_ANALYZER_NUMBER_OBJECT_CONVERSION = YES_AGGRESSIVE;
				CLANG_CXX_LANGUAGE_STANDARD = "gnu++17";
				CLANG_ENABLE_MODULES = YES;
				CLANG_ENABLE_OBJC_ARC = YES;
				CLANG_ENABLE_OBJC_WEAK = YES;
				CLANG_WARN_BLOCK_CAPTURE_AUTORELEASING = YES;
				CLANG_WARN_BOOL_CONVERSION = YES;
				CLANG_WARN_COMMA = YES;
				CLANG_WARN_CONSTANT_CONVERSION = YES;
				CLANG_WARN_DEPRECATED_OBJC_IMPLEMENTATIONS = YES;
				CLANG_WARN_DIRECT_OBJC_ISA_USAGE = YES_ERROR;
				CLANG_WARN_DOCUMENTATION_COMMENTS = YES;
				CLANG_WARN_EMPTY_BODY = YES;
				CLANG_WARN_ENUM_CONVERSION = YES;
				CLANG_WARN_INFINITE_RECURSION = YES;
				CLANG_WARN_INT_CONVERSION = YES;
				CLANG_WARN_NON_LITERAL_NULL_CONVERSION = YES;
				CLANG_WARN_OBJC_IMPLICIT_RETAIN_SELF = YES;
				CLANG_WARN_OBJC_LITERAL_CONVERSION = YES;
				CLANG_WARN_OBJC_ROOT_CLASS = YES_ERROR;
				CLANG_WARN_QUOTED_INCLUDE_IN_FRAMEWORK_HEADER = YES;
				CLANG_WARN_RANGE_LOOP_ANALYSIS = YES;
				CLANG_WARN_STRICT_PROTOTYPES = YES;
				CLANG_WARN_SUSPICIOUS_MOVE = YES;
				CLANG_WARN_UNGUARDED_AVAILABILITY = YES_AGGRESSIVE;
				CLANG_WARN_UNREACHABLE_CODE = YES;
				CLANG_WARN__DUPLICATE_METHOD_MATCH = YES;
				COPY_PHASE_STRIP = NO;
				DEBUG_INFORMATION_FORMAT = "dwarf-with-dsym";
				ENABLE_NS_ASSERTIONS = NO;
				ENABLE_STRICT_OBJC_MSGSEND = YES;
				GCC_C_LANGUAGE_STANDARD = gnu11;
				GCC_NO_COMMON_BLOCKS = YES;
				GCC_WARN_64_TO_32_BIT_CONVERSION = YES;
				GCC_WARN_ABOUT_RETURN_TYPE = YES_ERROR;
				GCC_WARN_UNDECLARED_SELECTOR = YES;
				GCC_WARN_UNINITIALIZED_AUTOS = YES_AGGRESSIVE;
				GCC_WARN_UNUSED_FUNCTION = YES;
				GCC_WARN_UNUSED_VARIABLE = YES;
				IPHONEOS_DEPLOYMENT_TARGET = 15.5;
				MTL_ENABLE_DEBUG_INFO = NO;
				MTL_FAST_MATH = YES;
				SDKROOT = iphoneos;
				SWIFT_COMPILATION_MODE = wholemodule;
				SWIFT_OPTIMIZATION_LEVEL = "-O";
				VALIDATE_PRODUCT = YES;
			};
			name = Release;
		};
		26614646289FBE3A0045C9DB /* Debug */ = {
			isa = XCBuildConfiguration;
			buildSettings = {
				ASSETCATALOG_COMPILER_APPICON_NAME = AppIcon;
				ASSETCATALOG_COMPILER_GLOBAL_ACCENT_COLOR_NAME = AccentColor;
				CODE_SIGN_STYLE = Automatic;
				CURRENT_PROJECT_VERSION = 1;
				DEVELOPMENT_ASSET_PATHS = "\"ObjectRecognition-SwiftUI/Preview Content\"";
				DEVELOPMENT_TEAM = V6H4VLRM43;
				ENABLE_PREVIEWS = YES;
				GENERATE_INFOPLIST_FILE = YES;
				INFOPLIST_KEY_UIApplicationSceneManifest_Generation = YES;
				INFOPLIST_KEY_UIApplicationSupportsIndirectInputEvents = YES;
				INFOPLIST_KEY_UILaunchScreen_Generation = YES;
				INFOPLIST_KEY_UISupportedInterfaceOrientations_iPad = "UIInterfaceOrientationPortrait UIInterfaceOrientationPortraitUpsideDown UIInterfaceOrientationLandscapeLeft UIInterfaceOrientationLandscapeRight";
				INFOPLIST_KEY_UISupportedInterfaceOrientations_iPhone = "UIInterfaceOrientationPortrait UIInterfaceOrientationLandscapeLeft UIInterfaceOrientationLandscapeRight";
				LD_RUNPATH_SEARCH_PATHS = (
					"$(inherited)",
					"@executable_path/Frameworks",
				);
				MARKETING_VERSION = 1.0;
				PRODUCT_BUNDLE_IDENTIFIER = "me.danielandrewr.ObjectRecognition-SwiftUI";
				PRODUCT_NAME = "$(TARGET_NAME)";
				SWIFT_EMIT_LOC_STRINGS = YES;
				SWIFT_VERSION = 5.0;
				TARGETED_DEVICE_FAMILY = "1,2";
			};
			name = Debug;
		};
		26614647289FBE3A0045C9DB /* Release */ = {
			isa = XCBuildConfiguration;
			buildSettings = {
				ASSETCATALOG_COMPILER_APPICON_NAME = AppIcon;
				ASSETCATALOG_COMPILER_GLOBAL_ACCENT_COLOR_NAME = AccentColor;
				CODE_SIGN_STYLE = Automatic;
				CURRENT_PROJECT_VERSION = 1;
				DEVELOPMENT_ASSET_PATHS = "\"ObjectRecognition-SwiftUI/Preview Content\"";
				DEVELOPMENT_TEAM = V6H4VLRM43;
				ENABLE_PREVIEWS = YES;
				GENERATE_INFOPLIST_FILE = YES;
				INFOPLIST_KEY_UIApplicationSceneManifest_Generation = YES;
				INFOPLIST_KEY_UIApplicationSupportsIndirectInputEvents = YES;
				INFOPLIST_KEY_UILaunchScreen_Generation = YES;
				INFOPLIST_KEY_UISupportedInterfaceOrientations_iPad = "UIInterfaceOrientationPortrait UIInterfaceOrientationPortraitUpsideDown UIInterfaceOrientationLandscapeLeft UIInterfaceOrientationLandscapeRight";
				INFOPLIST_KEY_UISupportedInterfaceOrientations_iPhone = "UIInterfaceOrientationPortrait UIInterfaceOrientationLandscapeLeft UIInterfaceOrientationLandscapeRight";
				LD_RUNPATH_SEARCH_PATHS = (
					"$(inherited)",
					"@executable_path/Frameworks",
				);
				MARKETING_VERSION = 1.0;
				PRODUCT_BUNDLE_IDENTIFIER = "me.danielandrewr.ObjectRecognition-SwiftUI";
				PRODUCT_NAME = "$(TARGET_NAME)";
				SWIFT_EMIT_LOC_STRINGS = YES;
				SWIFT_VERSION = 5.0;
				TARGETED_DEVICE_FAMILY = "1,2";
			};
			name = Release;
		};
/* End XCBuildConfiguration section */

/* Begin XCConfigurationList section */
		26614632289FBE370045C9DB /* Build configuration list for PBXProject "ObjectRecognition-SwiftUI" */ = {
			isa = XCConfigurationList;
			buildConfigurations = (
				26614643289FBE3A0045C9DB /* Debug */,
				26614644289FBE3A0045C9DB /* Release */,
			);
			defaultConfigurationIsVisible = 0;
			defaultConfigurationName = Release;
		};
		26614645289FBE3A0045C9DB /* Build configuration list for PBXNativeTarget "ObjectRecognition-SwiftUI" */ = {
			isa = XCConfigurationList;
			buildConfigurations = (
				26614646289FBE3A0045C9DB /* Debug */,
				26614647289FBE3A0045C9DB /* Release */,
			);
			defaultConfigurationIsVisible = 0;
			defaultConfigurationName = Release;
		};
/* End XCConfigurationList section */
	};
	rootObject = 2661462F289FBE370045C9DB /* Project object */;
}
